
Microsoft Visual Studio Solution File, Format Version 12.00
# Visual Studio Version 16
VisualStudioVersion = 16.0.31702.278
MinimumVisualStudioVersion = 10.0.40219.1
Project("{FAE04EC0-301F-11D3-BF4B-00C04F79EFBC}") = "02_SharpDXCube", "SharpDXCube\02_SharpDXCube.csproj", "{61D37F85-AA72-44F3-8C7E-B2A0FC23CCDA}"
EndProject
Project("{FAE04EC0-301F-11D3-BF4B-00C04F79EFBC}") = "01_SharpDXTriangle", "SharpDXTriangle\01_SharpDXTriangle.csproj", "{95DD1ED6-77F3-4A7E-9A8A-F8AF699F3F36}"
EndProject
Project("{FAE04EC0-301F-11D3-BF4B-00C04F79EFBC}") = "03_SharpDXMesh", "SharpDXMesh\03_SharpDXMesh.csproj", "{AADCE229-A7E6-408B-B780-85D2190DAFF4}"
EndProject
Global
	GlobalSection(SolutionConfigurationPlatforms) = preSolution
		Debug|Any CPU = Debug|Any CPU
		Debug|x64 = Debug|x64
		Release|Any CPU = Release|Any CPU
		Release|x64 = Release|x64
	EndGlobalSection
	GlobalSection(ProjectConfigurationPlatforms) = postSolution
		{61D37F85-AA72-44F3-8C7E-B2A0FC23CCDA}.Debug|Any CPU.ActiveCfg = Debug|Any CPU
		{61D37F85-AA72-44F3-8C7E-B2A0FC23CCDA}.Debug|Any CPU.Build.0 = Debug|Any CPU
		{61D37F85-AA72-44F3-8C7E-B2A0FC23CCDA}.Debug|x64.ActiveCfg = Debug|x64
		{61D37F85-AA72-44F3-8C7E-B2A0FC23CCDA}.Debug|x64.Build.0 = Debug|x64
		{61D37F85-AA72-44F3-8C7E-B2A0FC23CCDA}.Release|Any CPU.ActiveCfg = Release|Any CPU
		{61D37F85-AA72-44F3-8C7E-B2A0FC23CCDA}.Release|Any CPU.Build.0 = Release|Any CPU
		{61D37F85-AA72-44F3-8C7E-B2A0FC23CCDA}.Release|x64.ActiveCfg = Release|x64
		{61D37F85-AA72-44F3-8C7E-B2A0FC23CCDA}.Release|x64.Build.0 = Release|x64
		{95DD1ED6-77F3-4A7E-9A8A-F8AF699F3F36}.Debug|Any CPU.ActiveCfg = Debug|Any CPU
		{95DD1ED6-77F3-4A7E-9A8A-F8AF699F3F36}.Debug|Any CPU.Build.0 = Debug|Any CPU
		{95DD1ED6-77F3-4A7E-9A8A-F8AF699F3F36}.Debug|x64.ActiveCfg = Debug|Any CPU
		{95DD1ED6-77F3-4A7E-9A8A-F8AF699F3F36}.Debug|x64.Build.0 = Debug|Any CPU
		{95DD1ED6-77F3-4A7E-9A8A-F8AF699F3F36}.Release|Any CPU.ActiveCfg = Release|Any CPU
		{95DD1ED6-77F3-4A7E-9A8A-F8AF699F3F36}.Release|Any CPU.Build.0 = Release|Any CPU
		{95DD1ED6-77F3-4A7E-9A8A-F8AF699F3F36}.Release|x64.ActiveCfg = Release|Any CPU
		{95DD1ED6-77F3-4A7E-9A8A-F8AF699F3F36}.Release|x64.Build.0 = Release|Any CPU
		{AADCE229-A7E6-408B-B780-85D2190DAFF4}.Debug|Any CPU.ActiveCfg = Debug|Any CPU
		{AADCE229-A7E6-408B-B780-85D2190DAFF4}.Debug|Any CPU.Build.0 = Debug|Any CPU
		{AADCE229-A7E6-408B-B780-85D2190DAFF4}.Debug|x64.ActiveCfg = Debug|x64
		{AADCE229-A7E6-408B-B780-85D2190DAFF4}.Debug|x64.Build.0 = Debug|x64
		{AADCE229-A7E6-408B-B780-85D2190DAFF4}.Release|Any CPU.ActiveCfg = Release|Any CPU
		{AADCE229-A7E6-408B-B780-85D2190DAFF4}.Release|Any CPU.Build.0 = Release|Any CPU
		{AADCE229-A7E6-408B-B780-85D2190DAFF4}.Release|x64.ActiveCfg = Release|x64
		{AADCE229-A7E6-408B-B780-85D2190DAFF4}.Release|x64.Build.0 = Release|x64
	EndGlobalSection
	GlobalSection(SolutionProperties) = preSolution
		HideSolutionNode = FALSE
	EndGlobalSection
	GlobalSection(ExtensibilityGlobals) = postSolution
		SolutionGuid = {38CE6BDD-B33D-4CBC-9D5A-1230EE17FF4E}
	EndGlobalSection
EndGlobal
